
Microsoft Visual Studio Solution File, Format Version 12.00
# Visual Studio Version 17
VisualStudioVersion = 17.3.32901.215
MinimumVisualStudioVersion = 10.0.40219.1
Project("{FAE04EC0-301F-11D3-BF4B-00C04F79EFBC}") = "Exercicio1", "Exercicio1\Exercicio1.csproj", "{3FA80F8A-460D-4C85-B0C8-5121B10079CE}"
EndProject
Project("{FAE04EC0-301F-11D3-BF4B-00C04F79EFBC}") = "Exercicio2", "Exercicio2\Exercicio2.csproj", "{9316311D-822F-4F2A-A964-E7C1BCEE3462}"
EndProject
Project("{FAE04EC0-301F-11D3-BF4B-00C04F79EFBC}") = "Exercicio3", "Exercicio3\Exercicio3.csproj", "{19A9E985-7D11-4420-838F-11494344CE09}"
EndProject
Project("{FAE04EC0-301F-11D3-BF4B-00C04F79EFBC}") = "Exercicio4", "Exercicio4\Exercicio4.csproj", "{97452E56-D725-4888-9499-94292C16A707}"
EndProject
Project("{FAE04EC0-301F-11D3-BF4B-00C04F79EFBC}") = "Exercicio5", "Exercicio5\Exercicio5.csproj", "{7B440E0F-3113-435F-AE16-042A89557838}"
EndProject
Global
	GlobalSection(SolutionConfigurationPlatforms) = preSolution
		Debug|Any CPU = Debug|Any CPU
		Release|Any CPU = Release|Any CPU
	EndGlobalSection
	GlobalSection(ProjectConfigurationPlatforms) = postSolution
		{3FA80F8A-460D-4C85-B0C8-5121B10079CE}.Debug|Any CPU.ActiveCfg = Debug|Any CPU
		{3FA80F8A-460D-4C85-B0C8-5121B10079CE}.Debug|Any CPU.Build.0 = Debug|Any CPU
		{3FA80F8A-460D-4C85-B0C8-5121B10079CE}.Release|Any CPU.ActiveCfg = Release|Any CPU
		{3FA80F8A-460D-4C85-B0C8-5121B10079CE}.Release|Any CPU.Build.0 = Release|Any CPU
		{9316311D-822F-4F2A-A964-E7C1BCEE3462}.Debug|Any CPU.ActiveCfg = Debug|Any CPU
		{9316311D-822F-4F2A-A964-E7C1BCEE3462}.Debug|Any CPU.Build.0 = Debug|Any CPU
		{9316311D-822F-4F2A-A964-E7C1BCEE3462}.Release|Any CPU.ActiveCfg = Release|Any CPU
		{9316311D-822F-4F2A-A964-E7C1BCEE3462}.Release|Any CPU.Build.0 = Release|Any CPU
		{19A9E985-7D11-4420-838F-11494344CE09}.Debug|Any CPU.ActiveCfg = Debug|Any CPU
		{19A9E985-7D11-4420-838F-11494344CE09}.Debug|Any CPU.Build.0 = Debug|Any CPU
		{19A9E985-7D11-4420-838F-11494344CE09}.Release|Any CPU.ActiveCfg = Release|Any CPU
		{19A9E985-7D11-4420-838F-11494344CE09}.Release|Any CPU.Build.0 = Release|Any CPU
		{97452E56-D725-4888-9499-94292C16A707}.Debug|Any CPU.ActiveCfg = Debug|Any CPU
		{97452E56-D725-4888-9499-94292C16A707}.Debug|Any CPU.Build.0 = Debug|Any CPU
		{97452E56-D725-4888-9499-94292C16A707}.Release|Any CPU.ActiveCfg = Release|Any CPU
		{97452E56-D725-4888-9499-94292C16A707}.Release|Any CPU.Build.0 = Release|Any CPU
		{7B440E0F-3113-435F-AE16-042A89557838}.Debug|Any CPU.ActiveCfg = Debug|Any CPU
		{7B440E0F-3113-435F-AE16-042A89557838}.Debug|Any CPU.Build.0 = Debug|Any CPU
		{7B440E0F-3113-435F-AE16-042A89557838}.Release|Any CPU.ActiveCfg = Release|Any CPU
		{7B440E0F-3113-435F-AE16-042A89557838}.Release|Any CPU.Build.0 = Release|Any CPU
	EndGlobalSection
	GlobalSection(SolutionProperties) = preSolution
		HideSolutionNode = FALSE
	EndGlobalSection
	GlobalSection(ExtensibilityGlobals) = postSolution
		SolutionGuid = {41D2F9F5-B493-49A8-B8FB-941F24ED9BCD}
	EndGlobalSection
EndGlobal
